{
  "version": 4,
  "terraform_version": "1.2.5",
  "serial": 12,
  "lineage": "a78fd38a-89f2-8a96-dd3e-c82f9ee1c3df",
  "outputs": {},
  "resources": [
    {
      "module": "module.appservice",
      "mode": "managed",
      "type": "azurerm_app_service",
      "name": "test",
      "provider": "provider[\"registry.terraform.io/hashicorp/azurerm\"]",
      "instances": [
        {
          "schema_version": 0,
          "attributes": {
            "app_service_plan_id": "/subscriptions/74214412-f442-4c67-a0ca-85088f71762c/resourceGroups/MyRG/providers/Microsoft.Web/serverfarms/p3testApp-AppService",
            "app_settings": {
              "WEBSITE_RUN_FROM_PACKAGE": "0"
            },
            "auth_settings": [
              {
                "active_directory": [],
                "additional_login_params": {},
                "allowed_external_redirect_urls": [],
                "default_provider": "",
                "enabled": false,
                "facebook": [],
                "google": [],
                "issuer": "",
                "microsoft": [],
                "runtime_version": "",
                "token_refresh_extension_hours": 0,
                "token_store_enabled": false,
                "twitter": [],
                "unauthenticated_client_action": ""
              }
            ],
            "backup": [],
            "client_affinity_enabled": false,
            "client_cert_enabled": false,
            "client_cert_mode": "Required",
            "connection_string": [],
            "custom_domain_verification_id": "655097F790BAA900BDE7F4A46A2BBFDE740CFC43A85C6BBD7D09A094F2857466",
            "default_site_hostname": "p3testapp-appservice.azurewebsites.net",
            "enabled": true,
            "https_only": false,
            "id": "/subscriptions/74214412-f442-4c67-a0ca-85088f71762c/resourceGroups/MyRG/providers/Microsoft.Web/sites/p3testApp-AppService",
            "identity": [],
            "key_vault_reference_identity_id": "SystemAssigned",
            "location": "westeurope",
            "logs": [
              {
                "application_logs": [
                  {
                    "azure_blob_storage": [],
                    "file_system_level": "Off"
                  }
                ],
                "detailed_error_messages_enabled": false,
                "failed_request_tracing_enabled": false,
                "http_logs": [
                  {
                    "azure_blob_storage": [],
                    "file_system": []
                  }
                ]
              }
            ],
            "name": "p3testApp-AppService",
            "outbound_ip_address_list": [
              "20.71.68.84",
              "20.71.68.92",
              "20.71.68.106",
              "20.71.68.138",
              "20.71.68.231",
              "20.71.69.31",
              "20.105.216.15"
            ],
            "outbound_ip_addresses": "20.71.68.84,20.71.68.92,20.71.68.106,20.71.68.138,20.71.68.231,20.71.69.31,20.105.216.15",
            "possible_outbound_ip_address_list": [
              "20.71.68.84",
              "20.71.68.92",
              "20.71.68.106",
              "20.71.68.138",
              "20.71.68.231",
              "20.71.69.31",
              "20.71.69.155",
              "20.71.67.116",
              "20.71.67.166",
              "20.71.71.234",
              "20.73.144.185",
              "20.73.144.216",
              "20.73.145.14",
              "20.73.145.43",
              "20.73.146.248",
              "20.73.147.92",
              "20.73.147.168",
              "20.73.149.170",
              "20.73.150.124",
              "20.73.151.127",
              "20.73.151.251",
              "20.73.216.11",
              "20.73.216.41",
              "20.73.216.67",
              "20.73.217.29",
              "20.73.218.127",
              "20.73.218.134",
              "20.73.218.155",
              "20.71.65.78",
              "20.73.218.230",
              "20.105.216.15"
            ],
            "possible_outbound_ip_addresses": "20.71.68.84,20.71.68.92,20.71.68.106,20.71.68.138,20.71.68.231,20.71.69.31,20.71.69.155,20.71.67.116,20.71.67.166,20.71.71.234,20.73.144.185,20.73.144.216,20.73.145.14,20.73.145.43,20.73.146.248,20.73.147.92,20.73.147.168,20.73.149.170,20.73.150.124,20.73.151.127,20.73.151.251,20.73.216.11,20.73.216.41,20.73.216.67,20.73.217.29,20.73.218.127,20.73.218.134,20.73.218.155,20.71.65.78,20.73.218.230,20.105.216.15",
            "resource_group_name": "MyRG",
            "site_config": [
              {
                "acr_use_managed_identity_credentials": false,
                "acr_user_managed_identity_client_id": "",
                "always_on": false,
                "app_command_line": "",
                "auto_swap_slot_name": "",
                "cors": [],
                "default_documents": [
                  "Default.htm",
                  "Default.html",
                  "Default.asp",
                  "index.htm",
                  "index.html",
                  "iisstart.htm",
                  "default.aspx",
                  "index.php",
                  "hostingstart.html"
                ],
                "dotnet_framework_version": "v4.0",
                "ftps_state": "AllAllowed",
                "health_check_path": "",
                "http2_enabled": false,
                "ip_restriction": [],
                "java_container": "",
                "java_container_version": "",
                "java_version": "",
                "linux_fx_version": "",
                "local_mysql_enabled": false,
                "managed_pipeline_mode": "Integrated",
                "min_tls_version": "1.2",
                "number_of_workers": 1,
                "php_version": "5.6",
                "python_version": "",
                "remote_debugging_enabled": false,
                "remote_debugging_version": "",
                "scm_ip_restriction": [],
                "scm_type": "None",
                "scm_use_main_ip_restriction": false,
                "use_32_bit_worker_process": true,
                "vnet_route_all_enabled": false,
                "websockets_enabled": false,
                "windows_fx_version": ""
              }
            ],
            "site_credential": [
              {
                "password": "ufPCFcS0c4nKtGJttw3KJZDMPn5oD0B91h4e8kkgfW3sMPepEHcvdpcz6qeQ",
                "username": "$p3testApp-AppService"
              }
            ],
            "source_control": [
              {
                "branch": "main",
                "manual_integration": false,
                "repo_url": "",
                "rollback_enabled": false,
                "use_mercurial": false
              }
            ],
            "storage_account": [],
            "tags": null,
            "timeouts": null
          },
          "sensitive_attributes": [],
          "private": "eyJlMmJmYjczMC1lY2FhLTExZTYtOGY4OC0zNDM2M2JjN2M0YzAiOnsiY3JlYXRlIjoxODAwMDAwMDAwMDAwLCJkZWxldGUiOjE4MDAwMDAwMDAwMDAsInJlYWQiOjMwMDAwMDAwMDAwMCwidXBkYXRlIjoxODAwMDAwMDAwMDAwfX0=",
          "dependencies": [
            "module.appservice.azurerm_app_service_plan.test",
            "module.resource_group.azurerm_resource_group.test"
          ]
        }
      ]
    },
    {
      "module": "module.appservice",
      "mode": "managed",
      "type": "azurerm_app_service_plan",
      "name": "test",
      "provider": "provider[\"registry.terraform.io/hashicorp/azurerm\"]",
      "instances": [
        {
          "schema_version": 0,
          "attributes": {
            "app_service_environment_id": "",
            "id": "/subscriptions/74214412-f442-4c67-a0ca-85088f71762c/resourceGroups/MyRG/providers/Microsoft.Web/serverfarms/p3testApp-AppService",
            "is_xenon": false,
            "kind": "Windows",
            "location": "westeurope",
            "maximum_elastic_worker_count": 1,
            "maximum_number_of_workers": 1,
            "name": "p3testApp-AppService",
            "per_site_scaling": false,
            "reserved": false,
            "resource_group_name": "MyRG",
            "sku": [
              {
                "capacity": 0,
                "size": "F1",
                "tier": "Free"
              }
            ],
            "tags": null,
            "timeouts": null,
            "zone_redundant": false
          },
          "sensitive_attributes": [],
          "private": "eyJlMmJmYjczMC1lY2FhLTExZTYtOGY4OC0zNDM2M2JjN2M0YzAiOnsiY3JlYXRlIjozNjAwMDAwMDAwMDAwLCJkZWxldGUiOjM2MDAwMDAwMDAwMDAsInJlYWQiOjMwMDAwMDAwMDAwMCwidXBkYXRlIjozNjAwMDAwMDAwMDAwfX0=",
          "dependencies": [
            "module.resource_group.azurerm_resource_group.test"
          ]
        }
      ]
    },
    {
      "module": "module.resource_group",
      "mode": "managed",
      "type": "azurerm_resource_group",
      "name": "test",
      "provider": "provider[\"registry.terraform.io/hashicorp/azurerm\"]",
      "instances": [
        {
          "schema_version": 0,
          "attributes": {
            "id": "/subscriptions/74214412-f442-4c67-a0ca-85088f71762c/resourceGroups/MyRG",
            "location": "westeurope",
            "name": "MyRG",
            "tags": null,
            "timeouts": null
          },
          "sensitive_attributes": [],
          "private": "eyJlMmJmYjczMC1lY2FhLTExZTYtOGY4OC0zNDM2M2JjN2M0YzAiOnsiY3JlYXRlIjo1NDAwMDAwMDAwMDAwLCJkZWxldGUiOjU0MDAwMDAwMDAwMDAsInJlYWQiOjMwMDAwMDAwMDAwMCwidXBkYXRlIjo1NDAwMDAwMDAwMDAwfX0="
        }
      ]
    }
  ]
}
